
Microsoft Visual Studio Solution File, Format Version 12.00
# Visual Studio Version 17
VisualStudioVersion = 17.8.34525.116
MinimumVisualStudioVersion = 10.0.40219.1
Project("{9A19103F-16F7-4668-BE54-9A1E7A4F7556}") = "Monkify.Api", "Monkify.Api\Monkify.Api.csproj", "{A81F75F7-80E0-4EA4-9B29-3AC1BA7D39A4}"
EndProject
Project("{9A19103F-16F7-4668-BE54-9A1E7A4F7556}") = "Monkify.Domain", "Monkify.Domain\Monkify.Domain.csproj", "{702DAFA8-057E-45B9-AF2A-582074A4E91A}"
EndProject
Project("{9A19103F-16F7-4668-BE54-9A1E7A4F7556}") = "Monkify.Infrastructure", "Monkify.Infrastructure\Monkify.Infrastructure.csproj", "{DC57CF9C-3995-4631-B36B-CEC30B0E8F2A}"
EndProject
Project("{9A19103F-16F7-4668-BE54-9A1E7A4F7556}") = "Monkify.Common", "Monkify.Common\Monkify.Common.csproj", "{5BFF5B2B-7FF4-4003-B553-CB05B68D7EC2}"
EndProject
Project("{2150E333-8FDC-42A3-9474-1A3956D46DE8}") = "Solution Items", "Solution Items", "{2A20FFFB-F6C2-4312-8A2C-5004A15614AA}"
	ProjectSection(SolutionItems) = preProject
		.editorconfig = .editorconfig
	EndProjectSection
EndProject
Global
	GlobalSection(SolutionConfigurationPlatforms) = preSolution
		Debug|Any CPU = Debug|Any CPU
		Release|Any CPU = Release|Any CPU
	EndGlobalSection
	GlobalSection(ProjectConfigurationPlatforms) = postSolution
		{A81F75F7-80E0-4EA4-9B29-3AC1BA7D39A4}.Debug|Any CPU.ActiveCfg = Debug|Any CPU
		{A81F75F7-80E0-4EA4-9B29-3AC1BA7D39A4}.Debug|Any CPU.Build.0 = Debug|Any CPU
		{A81F75F7-80E0-4EA4-9B29-3AC1BA7D39A4}.Release|Any CPU.ActiveCfg = Release|Any CPU
		{A81F75F7-80E0-4EA4-9B29-3AC1BA7D39A4}.Release|Any CPU.Build.0 = Release|Any CPU
		{702DAFA8-057E-45B9-AF2A-582074A4E91A}.Debug|Any CPU.ActiveCfg = Debug|Any CPU
		{702DAFA8-057E-45B9-AF2A-582074A4E91A}.Debug|Any CPU.Build.0 = Debug|Any CPU
		{702DAFA8-057E-45B9-AF2A-582074A4E91A}.Release|Any CPU.ActiveCfg = Release|Any CPU
		{702DAFA8-057E-45B9-AF2A-582074A4E91A}.Release|Any CPU.Build.0 = Release|Any CPU
		{DC57CF9C-3995-4631-B36B-CEC30B0E8F2A}.Debug|Any CPU.ActiveCfg = Debug|Any CPU
		{DC57CF9C-3995-4631-B36B-CEC30B0E8F2A}.Debug|Any CPU.Build.0 = Debug|Any CPU
		{DC57CF9C-3995-4631-B36B-CEC30B0E8F2A}.Release|Any CPU.ActiveCfg = Release|Any CPU
		{DC57CF9C-3995-4631-B36B-CEC30B0E8F2A}.Release|Any CPU.Build.0 = Release|Any CPU
		{5BFF5B2B-7FF4-4003-B553-CB05B68D7EC2}.Debug|Any CPU.ActiveCfg = Debug|Any CPU
		{5BFF5B2B-7FF4-4003-B553-CB05B68D7EC2}.Debug|Any CPU.Build.0 = Debug|Any CPU
		{5BFF5B2B-7FF4-4003-B553-CB05B68D7EC2}.Release|Any CPU.ActiveCfg = Release|Any CPU
		{5BFF5B2B-7FF4-4003-B553-CB05B68D7EC2}.Release|Any CPU.Build.0 = Release|Any CPU
	EndGlobalSection
	GlobalSection(SolutionProperties) = preSolution
		HideSolutionNode = FALSE
	EndGlobalSection
	GlobalSection(ExtensibilityGlobals) = postSolution
		SolutionGuid = {C458642B-403F-48D8-96C7-2D26BAFC29D5}
	EndGlobalSection
EndGlobal
